{
    "_meta": {
        "hash": {
            "sha256": "80bc60e46510d040510a8fdb40941cbac146de785a38d71150910d1bae5c8c86"
        },
        "pipfile-spec": 6,
        "requires": {
            "python_version": "3.7"
        },
        "sources": [
            {
                "name": "pypi",
                "url": "https://pypi.org/simple",
                "verify_ssl": true
            }
        ]
    },
    "default": {
        "aiohttp": {
            "hashes": [
                "sha256:0419705a36b43c0ac6f15469f9c2a08cad5c939d78bd12a5c23ea167c8253b2b",
                "sha256:1812fc4bc6ac1bde007daa05d2d0f61199324e0cc893b11523e646595047ca08",
                "sha256:2214b5c0153f45256d5d52d1e0cafe53f9905ed035a142191727a5fb620c03dd",
                "sha256:275909137f0c92c61ba6bb1af856a522d5546f1de8ea01e4e726321c697754ac",
                "sha256:3983611922b561868428ea1e7269e757803713f55b53502423decc509fef1650",
                "sha256:51afec6ffa50a9da4cdef188971a802beb1ca8e8edb40fa429e5e529db3475fa",
                "sha256:589f2ec8a101a0f340453ee6945bdfea8e1cd84c8d88e5be08716c34c0799d95",
                "sha256:789820ddc65e1f5e71516adaca2e9022498fa5a837c79ba9c692a9f8f916c330",
                "sha256:7a968a0bdaaf9abacc260911775611c9a602214a23aeb846f2eb2eeaa350c4dc",
                "sha256:7aeefbed253f59ea39e70c5848de42ed85cb941165357fc7e87ab5d8f1f9592b",
                "sha256:7b2eb55c66512405103485bd7d285a839d53e7fdc261ab20e5bcc51d7aaff5de",
                "sha256:87bc95d3d333bb689c8d755b4a9d7095a2356108002149523dfc8e607d5d32a4",
                "sha256:9d80e40db208e29168d3723d1440ecbb06054d349c5ece6a2c5a611490830dd7",
                "sha256:a1b442195c2a77d33e4dbee67c9877ccbdd3a1f686f91eb479a9577ed8cc326b",
                "sha256:ab3d769413b322d6092f169f316f7b21cd261a7589f7e31db779d5731b0480d8",
                "sha256:b066d3dec5d0f5aee6e34e5765095dc3d6d78ef9839640141a2b20816a0642bd",
                "sha256:b24e7845ae8de3e388ef4bcfcf7f96b05f52c8e633b33cf8003a6b1d726fc7c2",
                "sha256:c59a953c3f8524a7c86eaeaef5bf702555be12f5668f6384149fe4bb75c52698",
                "sha256:cf2cc6c2c10d242790412bea7ccf73726a9a44b4c4b073d2699ef3b48971fd95",
                "sha256:e0c9c8d4150ae904f308ff27b35446990d2b1dfc944702a21925937e937394c6",
                "sha256:f1839db4c2b08a9c8f9788112644f8a8557e8e0ecc77b07091afabb941dc55d0",
                "sha256:f3df52362be39908f9c028a65490fae0475e4898b43a03d8aa29d1e765b45e07"
            ],
            "index": "pypi",
            "version": "==3.4.4"
        },
        "aiohttp-jinja2": {
            "hashes": [
                "sha256:aef9b6595f962182ad00c990095fb51d731c280e1d183e2b28cf0bdb5a942d0c",
                "sha256:dc9ed2914eb565b4dd00afb6acec9838594973ec3943088d9ee93fb5a2c12120"
            ],
            "index": "pypi",
            "version": "==1.1.0"
        },
        "aiohttp-session": {
            "hashes": [
                "sha256:18ae740845214086f783574edfee1bac36862332bd11d561e048b079d8f6ad34",
                "sha256:ce50f52d530455084d57fa56976a3cbdd43588e41750577bdf301d313f5a2c8f"
            ],
            "index": "pypi",
            "version": "==2.7.0"
        },
        "aiopg": {
            "extras": [
                "sa"
            ],
            "hashes": [
                "sha256:2fa57bee0b7b8422408a79de085c3423e0b0633be3a0046b66a53594bf69a837",
                "sha256:509d4a1ad9fa1af5dca6d547b759a8cbcfd70d6cedd0737cb3ff4ccfec812ea2"
            ],
            "index": "pypi",
            "version": "==0.15.0"
        },
        "async-timeout": {
            "hashes": [
                "sha256:0c3c816a028d47f659d6ff5c745cb2acf1f966da1fe5c19c77a70282b25f4c5f",
                "sha256:4291ca197d287d274d0b6cb5d6f8f8f82d434ed288f962539ff18cc9012f9ea3"
            ],
            "version": "==3.0.1"
        },
        "atomicwrites": {
            "hashes": [
                "sha256:6d1784dea7c0c8d4a5172b6c620f40b6e4cbfdf96d783691f2e1302a7b88e197",
                "sha256:ae70396ad1a434f9c7046fd2dd196fc04b12f9e91ffb859164193be8b6168a7a"
            ],
            "version": "==1.4.0"
        },
        "attrs": {
            "hashes": [
                "sha256:26b54ddbbb9ee1d34d5d3668dd37d6cf74990ab23c828c2888dccdceee395594",
                "sha256:fce7fc47dfc976152e82d53ff92fa0407700c21acd20886a13777a0d20e655dc"
            ],
            "version": "==20.2.0"
        },
        "cachetools": {
            "hashes": [
                "sha256:513d4ff98dd27f85743a8dc0e92f55ddb1b49e060c2d5961512855cda2c01a98",
                "sha256:bbaa39c3dede00175df2dc2b03d0cf18dd2d32a7de7beb68072d13043c9edb20"
            ],
            "version": "==4.1.1"
        },
        "certifi": {
            "hashes": [
                "sha256:5930595817496dd21bb8dc35dad090f1c2cd0adfaf21204bf6732ca5d8ee34d3",
                "sha256:8fc0819f1f30ba15bdb34cceffb9ef04d99f420f68eb75d901e9560b8749fc41"
            ],
            "version": "==2020.6.20"
        },
        "cffi": {
            "hashes": [
                "sha256:005f2bfe11b6745d726dbb07ace4d53f057de66e336ff92d61b8c7e9c8f4777d",
                "sha256:09e96138280241bd355cd585148dec04dbbedb4f46128f340d696eaafc82dd7b",
                "sha256:0b1ad452cc824665ddc682400b62c9e4f5b64736a2ba99110712fdee5f2505c4",
                "sha256:0ef488305fdce2580c8b2708f22d7785ae222d9825d3094ab073e22e93dfe51f",
                "sha256:15f351bed09897fbda218e4db5a3d5c06328862f6198d4fb385f3e14e19decb3",
                "sha256:22399ff4870fb4c7ef19fff6eeb20a8bbf15571913c181c78cb361024d574579",
                "sha256:23e5d2040367322824605bc29ae8ee9175200b92cb5483ac7d466927a9b3d537",
                "sha256:2791f68edc5749024b4722500e86303a10d342527e1e3bcac47f35fbd25b764e",
                "sha256:2f9674623ca39c9ebe38afa3da402e9326c245f0f5ceff0623dccdac15023e05",
                "sha256:3363e77a6176afb8823b6e06db78c46dbc4c7813b00a41300a4873b6ba63b171",
                "sha256:33c6cdc071ba5cd6d96769c8969a0531be2d08c2628a0143a10a7dcffa9719ca",
                "sha256:3b8eaf915ddc0709779889c472e553f0d3e8b7bdf62dab764c8921b09bf94522",
                "sha256:3cb3e1b9ec43256c4e0f8d2837267a70b0e1ca8c4f456685508ae6106b1f504c",
                "sha256:3eeeb0405fd145e714f7633a5173318bd88d8bbfc3dd0a5751f8c4f70ae629bc",
                "sha256:44f60519595eaca110f248e5017363d751b12782a6f2bd6a7041cba275215f5d",
                "sha256:4d7c26bfc1ea9f92084a1d75e11999e97b62d63128bcc90c3624d07813c52808",
                "sha256:529c4ed2e10437c205f38f3691a68be66c39197d01062618c55f74294a4a4828",
                "sha256:6642f15ad963b5092d65aed022d033c77763515fdc07095208f15d3563003869",
                "sha256:85ba797e1de5b48aa5a8427b6ba62cf69607c18c5d4eb747604b7302f1ec382d",
                "sha256:8f0f1e499e4000c4c347a124fa6a27d37608ced4fe9f7d45070563b7c4c370c9",
                "sha256:a624fae282e81ad2e4871bdb767e2c914d0539708c0f078b5b355258293c98b0",
                "sha256:b0358e6fefc74a16f745afa366acc89f979040e0cbc4eec55ab26ad1f6a9bfbc",
                "sha256:bbd2f4dfee1079f76943767fce837ade3087b578aeb9f69aec7857d5bf25db15",
                "sha256:bf39a9e19ce7298f1bd6a9758fa99707e9e5b1ebe5e90f2c3913a47bc548747c",
                "sha256:c11579638288e53fc94ad60022ff1b67865363e730ee41ad5e6f0a17188b327a",
                "sha256:c150eaa3dadbb2b5339675b88d4573c1be3cb6f2c33a6c83387e10cc0bf05bd3",
                "sha256:c53af463f4a40de78c58b8b2710ade243c81cbca641e34debf3396a9640d6ec1",
                "sha256:cb763ceceae04803adcc4e2d80d611ef201c73da32d8f2722e9d0ab0c7f10768",
                "sha256:cc75f58cdaf043fe6a7a6c04b3b5a0e694c6a9e24050967747251fb80d7bce0d",
                "sha256:d80998ed59176e8cba74028762fbd9b9153b9afc71ea118e63bbf5d4d0f9552b",
                "sha256:de31b5164d44ef4943db155b3e8e17929707cac1e5bd2f363e67a56e3af4af6e",
                "sha256:e66399cf0fc07de4dce4f588fc25bfe84a6d1285cc544e67987d22663393926d",
                "sha256:f0620511387790860b249b9241c2f13c3a80e21a73e0b861a2df24e9d6f56730",
                "sha256:f4eae045e6ab2bb54ca279733fe4eb85f1effda392666308250714e01907f394",
                "sha256:f92cdecb618e5fa4658aeb97d5eb3d2f47aa94ac6477c6daf0f306c5a3b9e6b1",
                "sha256:f92f789e4f9241cd262ad7a555ca2c648a98178a953af117ef7fad46aa1d5591"
            ],
            "version": "==1.14.3"
        },
        "chardet": {
            "hashes": [
                "sha256:84ab92ed1c4d4f16916e05906b6b75a6c0fb5db821cc65e70cbd64a3e2a5eaae",
                "sha256:fc323ffcaeaed0e0a02bf4d117757b98aed530d9ed4531e3e15460124c106691"
            ],
            "version": "==3.0.4"
        },
        "cryptography": {
            "hashes": [
                "sha256:22f8251f68953553af4f9c11ec5f191198bc96cff9f0ac5dd5ff94daede0ee6d",
                "sha256:284e275e3c099a80831f9898fb5c9559120d27675c3521278faba54e584a7832",
                "sha256:3e17d02941c0f169c5b877597ca8be895fca0e5e3eb882526a74aa4804380a98",
                "sha256:52a47e60953679eea0b4d490ca3c241fb1b166a7b161847ef4667dfd49e7699d",
                "sha256:57b8c1ed13b8aa386cabbfde3be175d7b155682470b0e259fecfe53850967f8a",
                "sha256:6a8f64ed096d13f92d1f601a92d9fd1f1025dc73a2ca1ced46dcf5e0d4930943",
                "sha256:6e8a3c7c45101a7eeee93102500e1b08f2307c717ff553fcb3c1127efc9b6917",
                "sha256:7ef41304bf978f33cfb6f43ca13bb0faac0c99cda33693aa20ad4f5e34e8cb8f",
                "sha256:87c2fffd61e934bc0e2c927c3764c20b22d7f5f7f812ee1a477de4c89b044ca6",
                "sha256:88069392cd9a1e68d2cfd5c3a2b0d72a44ef3b24b8977a4f7956e9e3c4c9477a",
                "sha256:8a0866891326d3badb17c5fd3e02c926b635e8923fa271b4813cd4d972a57ff3",
                "sha256:8f0fd8b0751d75c4483c534b209e39e918f0d14232c0d8a2a76e687f64ced831",
                "sha256:9a07e6d255053674506091d63ab4270a119e9fc83462c7ab1dbcb495b76307af",
                "sha256:9a8580c9afcdcddabbd064c0a74f337af74ff4529cdf3a12fa2e9782d677a2e5",
                "sha256:bd80bc156d3729b38cb227a5a76532aef693b7ac9e395eea8063ee50ceed46a5",
                "sha256:d1cbc3426e6150583b22b517ef3720036d7e3152d428c864ff0f3fcad2b97591",
                "sha256:e15ac84dcdb89f92424cbaca4b0b34e211e7ce3ee7b0ec0e4f3c55cee65fae5a",
                "sha256:e4789b84f8dedf190148441f7c5bfe7244782d9cbb194a36e17b91e7d3e1cca9",
                "sha256:f01c9116bfb3ad2831e125a73dcd957d173d6ddca7701528eff1e7d97972872c",
                "sha256:f0e3986f6cce007216b23c490f093f35ce2068f3c244051e559f647f6731b7ae",
                "sha256:f2aa3f8ba9e2e3fd49bd3de743b976ab192fbf0eb0348cebde5d2a9de0090a9f",
                "sha256:fb70a4cedd69dc52396ee114416a3656e011fb0311fca55eb55c7be6ed9c8aef"
            ],
            "index": "pypi",
            "version": "==3.2"
        },
        "google-api-python-client": {
            "hashes": [
                "sha256:5d5cb02c6f3112c68eed51b74891a49c0e35263380672d662f8bfe85b8114d7c",
                "sha256:7cc47cf80b25ecd7f3d917ea247bb6c62587514e40604ae29c47c0e4ebd1174b"
            ],
            "index": "pypi",
            "version": "==1.7.4"
        },
        "google-auth": {
            "hashes": [
                "sha256:9ca363facbf2622d9ba828017536ccca2e0f58bd15e659b52f312172f8815530",
                "sha256:a4cf9e803f2176b5de442763bd339b313d3f1ed3002e3e1eb6eec1d7c9bbc9b4"
            ],
            "index": "pypi",
            "version": "==1.5.1"
        },
        "google-auth-httplib2": {
            "hashes": [
                "sha256:8d092cc60fb16517b12057ec0bba9185a96e3b7169d86ae12eae98e645b7bc39",
                "sha256:aeaff501738b289717fac1980db9711d77908a6c227f60e4aa1923410b43e2ee"
            ],
            "version": "==0.0.4"
        },
        "google-auth-oauthlib": {
            "hashes": [
                "sha256:226d1d0960f86ba5d9efd426a70b291eaba96f47d071657e0254ea969025728a",
                "sha256:81ba22acada4d13b1d83f9371ab19fd61f1250a542d21cf49e4dcf0637a7344a"
            ],
            "index": "pypi",
            "version": "==0.2.0"
        },
        "gunicorn": {
            "hashes": [
                "sha256:aa8e0b40b4157b36a5df5e599f45c9c76d6af43845ba3b3b0efe2c70473c2471",
                "sha256:fa2662097c66f920f53f70621c6c58ca4a3c4d3434205e608e121b5b3b71f4f3"
            ],
            "index": "pypi",
            "version": "==19.9.0"
        },
        "httplib2": {
            "hashes": [
                "sha256:8af66c1c52c7ffe1aa5dc4bcd7c769885254b0756e6e69f953c7f0ab49a70ba3",
                "sha256:ca2914b015b6247791c4866782fa6042f495b94401a0f0bd3e1d6e0ba2236782"
            ],
            "version": "==0.18.1"
        },
        "idna": {
            "hashes": [
                "sha256:b307872f855b18632ce0c21c5e45be78c0ea7ae4c15c828c20788b26921eb3f6",
                "sha256:b97d804b1e9b523befed77c48dacec60e6dcb0b5391d57af6a65a312a90648c0"
            ],
            "version": "==2.10"
        },
        "importlib-metadata": {
            "hashes": [
                "sha256:77a540690e24b0305878c37ffd421785a6f7e53c8b5720d211b211de8d0e95da",
                "sha256:cefa1a2f919b866c5beb7c9f7b0ebb4061f30a8a9bf16d609b000e2dfaceb9c3"
            ],
            "markers": "python_version < '3.8'",
            "version": "==2.0.0"
        },
        "jinja2": {
            "hashes": [
                "sha256:89aab215427ef59c34ad58735269eb58b1a5808103067f7bb9d5836c651b3bb0",
                "sha256:f0a4641d3cf955324a89c04f3d94663aa4d638abe8f733ecd3582848e1c37035"
            ],
            "version": "==2.11.2"
        },
        "markupsafe": {
            "hashes": [
                "sha256:00bc623926325b26bb9605ae9eae8a215691f33cae5df11ca5424f06f2d1f473",
                "sha256:09027a7803a62ca78792ad89403b1b7a73a01c8cb65909cd876f7fcebd79b161",
                "sha256:09c4b7f37d6c648cb13f9230d847adf22f8171b1ccc4d5682398e77f40309235",
                "sha256:1027c282dad077d0bae18be6794e6b6b8c91d58ed8a8d89a89d59693b9131db5",
                "sha256:13d3144e1e340870b25e7b10b98d779608c02016d5184cfb9927a9f10c689f42",
                "sha256:24982cc2533820871eba85ba648cd53d8623687ff11cbb805be4ff7b4c971aff",
                "sha256:29872e92839765e546828bb7754a68c418d927cd064fd4708fab9fe9c8bb116b",
                "sha256:43a55c2930bbc139570ac2452adf3d70cdbb3cfe5912c71cdce1c2c6bbd9c5d1",
                "sha256:46c99d2de99945ec5cb54f23c8cd5689f6d7177305ebff350a58ce5f8de1669e",
                "sha256:500d4957e52ddc3351cabf489e79c91c17f6e0899158447047588650b5e69183",
                "sha256:535f6fc4d397c1563d08b88e485c3496cf5784e927af890fb3c3aac7f933ec66",
                "sha256:596510de112c685489095da617b5bcbbac7dd6384aeebeda4df6025d0256a81b",
                "sha256:62fe6c95e3ec8a7fad637b7f3d372c15ec1caa01ab47926cfdf7a75b40e0eac1",
                "sha256:6788b695d50a51edb699cb55e35487e430fa21f1ed838122d722e0ff0ac5ba15",
                "sha256:6dd73240d2af64df90aa7c4e7481e23825ea70af4b4922f8ede5b9e35f78a3b1",
                "sha256:717ba8fe3ae9cc0006d7c451f0bb265ee07739daf76355d06366154ee68d221e",
                "sha256:79855e1c5b8da654cf486b830bd42c06e8780cea587384cf6545b7d9ac013a0b",
                "sha256:7c1699dfe0cf8ff607dbdcc1e9b9af1755371f92a68f706051cc8c37d447c905",
                "sha256:88e5fcfb52ee7b911e8bb6d6aa2fd21fbecc674eadd44118a9cc3863f938e735",
                "sha256:8defac2f2ccd6805ebf65f5eeb132adcf2ab57aa11fdf4c0dd5169a004710e7d",
                "sha256:98c7086708b163d425c67c7a91bad6e466bb99d797aa64f965e9d25c12111a5e",
                "sha256:9add70b36c5666a2ed02b43b335fe19002ee5235efd4b8a89bfcf9005bebac0d",
                "sha256:9bf40443012702a1d2070043cb6291650a0841ece432556f784f004937f0f32c",
                "sha256:ade5e387d2ad0d7ebf59146cc00c8044acbd863725f887353a10df825fc8ae21",
                "sha256:b00c1de48212e4cc9603895652c5c410df699856a2853135b3967591e4beebc2",
                "sha256:b1282f8c00509d99fef04d8ba936b156d419be841854fe901d8ae224c59f0be5",
                "sha256:b2051432115498d3562c084a49bba65d97cf251f5a331c64a12ee7e04dacc51b",
                "sha256:ba59edeaa2fc6114428f1637ffff42da1e311e29382d81b339c1817d37ec93c6",
                "sha256:c8716a48d94b06bb3b2524c2b77e055fb313aeb4ea620c8dd03a105574ba704f",
                "sha256:cd5df75523866410809ca100dc9681e301e3c27567cf498077e8551b6d20e42f",
                "sha256:cdb132fc825c38e1aeec2c8aa9338310d29d337bebbd7baa06889d09a60a1fa2",
                "sha256:e249096428b3ae81b08327a63a485ad0878de3fb939049038579ac0ef61e17e7",
                "sha256:e8313f01ba26fbbe36c7be1966a7b7424942f670f38e666995b88d012765b9be"
            ],
            "version": "==1.1.1"
        },
        "more-itertools": {
            "hashes": [
                "sha256:6f83822ae94818eae2612063a5101a7311e68ae8002005b5e05f03fd74a86a20",
                "sha256:9b30f12df9393f0d28af9210ff8efe48d10c94f73e5daf886f10c4b0b0b4f03c"
            ],
            "version": "==8.5.0"
        },
        "multidict": {
            "hashes": [
                "sha256:1ece5a3369835c20ed57adadc663400b5525904e53bae59ec854a5d36b39b21a",
                "sha256:275ca32383bc5d1894b6975bb4ca6a7ff16ab76fa622967625baeebcf8079000",
                "sha256:3750f2205b800aac4bb03b5ae48025a64e474d2c6cc79547988ba1d4122a09e2",
                "sha256:4538273208e7294b2659b1602490f4ed3ab1c8cf9dbdd817e0e9db8e64be2507",
                "sha256:5141c13374e6b25fe6bf092052ab55c0c03d21bd66c94a0e3ae371d3e4d865a5",
                "sha256:51a4d210404ac61d32dada00a50ea7ba412e6ea945bbe992e4d7a595276d2ec7",
                "sha256:5cf311a0f5ef80fe73e4f4c0f0998ec08f954a6ec72b746f3c179e37de1d210d",
                "sha256:6513728873f4326999429a8b00fc7ceddb2509b01d5fd3f3be7881a257b8d463",
                "sha256:7388d2ef3c55a8ba80da62ecfafa06a1c097c18032a501ffd4cabbc52d7f2b19",
                "sha256:9456e90649005ad40558f4cf51dbb842e32807df75146c6d940b6f5abb4a78f3",
                "sha256:c026fe9a05130e44157b98fea3ab12969e5b60691a276150db9eda71710cd10b",
                "sha256:d14842362ed4cf63751648e7672f7174c9818459d169231d03c56e84daf90b7c",
                "sha256:e0d072ae0f2a179c375f67e3da300b47e1a83293c554450b29c900e50afaae87",
                "sha256:f07acae137b71af3bb548bd8da720956a3bc9f9a0b87733e0899226a2317aeb7",
                "sha256:fbb77a75e529021e7c4a8d4e823d88ef4d23674a202be4f5addffc72cbb91430",
                "sha256:fcfbb44c59af3f8ea984de67ec7c306f618a3ec771c2843804069917a8f2e255",
                "sha256:feed85993dbdb1dbc29102f50bca65bdc68f2c0c8d352468c25b54874f23c39d"
            ],
            "version": "==4.7.6"
        },
        "oauth2client": {
            "hashes": [
                "sha256:b8a81cc5d60e2d364f0b1b98f958dbd472887acaf1a5b05e21c28c31a2d6d3ac",
                "sha256:d486741e451287f69568a4d26d70d9acd73a2bbfa275746c535b4209891cccc6"
            ],
            "index": "pypi",
            "version": "==4.1.3"
        },
        "oauthlib": {
            "hashes": [
                "sha256:bee41cc35fcca6e988463cacc3bcb8a96224f470ca547e697b604cc697b2f889",
                "sha256:df884cd6cbe20e32633f1db1072e9356f53638e4361bef4e8b03c9127c9328ea"
            ],
            "version": "==3.1.0"
        },
        "pluggy": {
            "hashes": [
                "sha256:15b2acde666561e1298d71b523007ed7364de07029219b604cf808bfa1c765b0",
                "sha256:966c145cd83c96502c3c3868f50408687b38434af77734af1e9ca461a4081d2d"
            ],
            "version": "==0.13.1"
        },
        "psycopg2": {
            "hashes": [
                "sha256:00195b5f6832dbf2876b8bf77f12bdce648224c89c880719c745b90515233301",
                "sha256:068115e13c70dc5982dfc00c5d70437fe37c014c808acce119b5448361c03725",
                "sha256:26e7fd115a6db75267b325de0fba089b911a4a12ebd3d0b5e7acb7028bc46821",
                "sha256:56007a226b8e95aa980ada7abdea6b40b75ce62a433bd27cec7a8178d57f4051",
                "sha256:56fee7f818d032f802b8eed81ef0c1232b8b42390df189cab9cfa87573fe52c5",
                "sha256:6a3d9efb6f36f1fe6aa8dbb5af55e067db802502c55a9defa47c5a1dad41df84",
                "sha256:a49833abfdede8985ba3f3ec641f771cca215479f41523e99dace96d5b8cce2a",
                "sha256:ad2fe8a37be669082e61fb001c185ffb58867fdbb3e7a6b0b0d2ffe232353a3e",
                "sha256:b8cae8b2f022efa1f011cc753adb9cbadfa5a184431d09b273fb49b4167561ad",
                "sha256:d160744652e81c80627a909a0e808f3c6653a40af435744de037e3172cf277f5",
                "sha256:f22ea9b67aea4f4a1718300908a2fb62b3e4276cf00bd829a97ab5894af42ea3",
                "sha256:f974c96fca34ae9e4f49839ba6b78addf0346777b46c4da27a7bf54f48d3057d",
                "sha256:fb23f6c71107c37fd667cb4ea363ddeb936b348bbd6449278eb92c189699f543"
            ],
            "version": "==2.8.6"
        },
        "py": {
            "hashes": [
                "sha256:366389d1db726cd2fcfc79732e75410e5fe4d31db13692115529d34069a043c2",
                "sha256:9ca6883ce56b4e8da7e79ac18787889fa5206c79dcc67fb065376cd2fe03f342"
            ],
            "version": "==1.9.0"
        },
        "pyasn1": {
            "hashes": [
                "sha256:39c7e2ec30515947ff4e87fb6f456dfc6e84857d34be479c9d4a4ba4bf46aa5d",
                "sha256:aef77c9fb94a3ac588e87841208bdec464471d9871bd5050a287cc9a475cd0ba"
            ],
            "version": "==0.4.8"
        },
        "pyasn1-modules": {
            "hashes": [
                "sha256:905f84c712230b2c592c19470d3ca8d552de726050d1d1716282a1f6146be65e",
                "sha256:a50b808ffeb97cb3601dd25981f6b016cbb3d31fbf57a8b8a87428e6158d0c74"
            ],
            "version": "==0.2.8"
        },
        "pycparser": {
            "hashes": [
                "sha256:2d475327684562c3a96cc71adf7dc8c4f0565175cf86b6d7a404ff4c771f15f0",
                "sha256:7582ad22678f0fcd81102833f60ef8d0e57288b6b5fb00323d101be910e35705"
            ],
            "version": "==2.20"
        },
        "pytest": {
            "hashes": [
                "sha256:10e59f84267370ab20cec9305bafe7505ba4d6b93ecbf66a1cce86193ed511d5",
                "sha256:8c827e7d4816dfe13e9329c8226aef8e6e75d65b939bc74fda894143b6d1df59"
            ],
            "index": "pypi",
            "version": "==3.9.1"
        },
        "pyyaml": {
            "hashes": [
                "sha256:3d7da3009c0f3e783b2c873687652d83b1bbfd5c88e9813fb7e5b03c0dd3108b",
                "sha256:3ef3092145e9b70e3ddd2c7ad59bdd0252a94dfe3949721633e41344de00a6bf",
                "sha256:40c71b8e076d0550b2e6380bada1f1cd1017b882f7e16f09a65be98e017f211a",
                "sha256:558dd60b890ba8fd982e05941927a3911dc409a63dcb8b634feaa0cda69330d3",
                "sha256:a7c28b45d9f99102fa092bb213aa12e0aaf9a6a1f5e395d36166639c1f96c3a1",
                "sha256:aa7dd4a6a427aed7df6fb7f08a580d68d9b118d90310374716ae90b710280af1",
                "sha256:bc558586e6045763782014934bfaf39d48b8ae85a2713117d16c39864085c613",
                "sha256:d46d7982b62e0729ad0175a9bc7e10a566fc07b224d2c79fafb5e032727eaa04",
                "sha256:d5eef459e30b09f5a098b9cea68bebfeb268697f78d647bd255a085371ac7f3f",
                "sha256:e01d3203230e1786cd91ccfdc8f8454c8069c91bee3962ad93b87a4b2860f537",
                "sha256:e170a9e6fcfd19021dd29845af83bb79236068bf5fd4df3327c1be18182b2531"
            ],
            "index": "pypi",
            "version": "==3.13"
        },
        "requests": {
            "hashes": [
                "sha256:b3559a131db72c33ee969480840fff4bb6dd111de7dd27c8ee1f820f4f00231b",
                "sha256:fe75cc94a9443b9246fc7049224f75604b113c36acb93f87b80ed42c44cbb898"
            ],
            "version": "==2.24.0"
        },
        "requests-oauthlib": {
            "hashes": [
                "sha256:7f71572defaecd16372f9006f33c2ec8c077c3cfa6f5911a9a90202beb513f3d",
                "sha256:b4261601a71fd721a8bd6d7aa1cc1d6a8a93b4a9f5e96626f8e4d91e8beeaa6a"
            ],
            "version": "==1.3.0"
        },
        "rsa": {
            "hashes": [
                "sha256:109ea5a66744dd859bf16fe904b8d8b627adafb9408753161e766a92e7d681fa",
                "sha256:6166864e23d6b5195a5cfed6cd9fed0fe774e226d8f854fcb23b7bbef0350233"
            ],
            "version": "==4.6"
        },
        "six": {
            "hashes": [
                "sha256:30639c035cdb23534cd4aa2dd52c3bf48f06e5f4a941509c8bafd8ce11080259",
                "sha256:8b74bedcbbbaca38ff6d7491d76f2b06b3592611af620f8426e82dddb04a5ced"
            ],
            "version": "==1.15.0"
        },
        "sqlalchemy": {
            "hashes": [
                "sha256:009e8388d4d551a2107632921320886650b46332f61dc935e70c8bcf37d8e0d6",
                "sha256:0157c269701d88f5faf1fa0e4560e4d814f210c01a5b55df3cab95e9346a8bcc",
                "sha256:0a92745bb1ebbcb3985ed7bda379b94627f0edbc6c82e9e4bac4fb5647ae609a",
                "sha256:0cca1844ba870e81c03633a99aa3dc62256fb96323431a5dec7d4e503c26372d",
                "sha256:166917a729b9226decff29416f212c516227c2eb8a9c9f920d69ced24e30109f",
                "sha256:1f5f369202912be72fdf9a8f25067a5ece31a2b38507bb869306f173336348da",
                "sha256:2909dffe5c9a615b7e6c92d1ac2d31e3026dc436440a4f750f4749d114d88ceb",
                "sha256:2b5dafed97f778e9901b79cc01b88d39c605e0545b4541f2551a2fd785adc15b",
                "sha256:2e9bd5b23bba8ae8ce4219c9333974ff5e103c857d9ff0e4b73dc4cb244c7d86",
                "sha256:3aa6d45e149a16aa1f0c46816397e12313d5e37f22205c26e06975e150ffcf2a",
                "sha256:4bdbdb8ca577c6c366d15791747c1de6ab14529115a2eb52774240c412a7b403",
                "sha256:53fd857c6c8ffc0aa6a5a3a2619f6a74247e42ec9e46b836a8ffa4abe7aab327",
                "sha256:5cdfe54c1e37279dc70d92815464b77cd8ee30725adc9350f06074f91dbfeed2",
                "sha256:5d92c18458a4aa27497a986038d5d797b5279268a2de303cd00910658e8d149c",
                "sha256:632b32183c0cb0053194a4085c304bc2320e5299f77e3024556fa2aa395c2a8b",
                "sha256:7c735c7a6db8ee9554a3935e741cf288f7dcbe8706320251eb38c412e6a4281d",
                "sha256:7cd40cb4bc50d9e87b3540b23df6e6b24821ba7e1f305c1492b0806c33dbdbec",
                "sha256:84f0ac4a09971536b38cc5d515d6add7926a7e13baa25135a1dbb6afa351a376",
                "sha256:8dcbf377529a9af167cbfc5b8acec0fadd7c2357fc282a1494c222d3abfc9629",
                "sha256:950f0e17ffba7a7ceb0dd056567bc5ade22a11a75920b0e8298865dc28c0eff6",
                "sha256:9e379674728f43a0cd95c423ac0e95262500f9bfd81d33b999daa8ea1756d162",
                "sha256:b15002b9788ffe84e42baffc334739d3b68008a973d65fad0a410ca5d0531980",
                "sha256:b6f036ecc017ec2e2cc2a40615b41850dc7aaaea6a932628c0afc73ab98ba3fb",
                "sha256:bad73f9888d30f9e1d57ac8829f8a12091bdee4949b91db279569774a866a18e",
                "sha256:bbc58fca72ce45a64bb02b87f73df58e29848b693869e58bd890b2ddbb42d83b",
                "sha256:bca4d367a725694dae3dfdc86cf1d1622b9f414e70bd19651f5ac4fb3aa96d61",
                "sha256:be41d5de7a8e241864189b7530ca4aaf56a5204332caa70555c2d96379e18079",
                "sha256:bf53d8dddfc3e53a5bda65f7f4aa40fae306843641e3e8e701c18a5609471edf",
                "sha256:c092fe282de83d48e64d306b4bce03114859cdbfe19bf8a978a78a0d44ddadb1",
                "sha256:c3ab23ee9674336654bf9cac30eb75ac6acb9150dc4b1391bec533a7a4126471",
                "sha256:ce64a44c867d128ab8e675f587aae7f61bd2db836a3c4ba522d884cd7c298a77",
                "sha256:d05cef4a164b44ffda58200efcb22355350979e000828479971ebca49b82ddb1",
                "sha256:d2f25c7f410338d31666d7ddedfa67570900e248b940d186b48461bd4e5569a1",
                "sha256:d3b709d64b5cf064972b3763b47139e4a0dc4ae28a36437757f7663f67b99710",
                "sha256:e32e3455db14602b6117f0f422f46bc297a3853ae2c322ecd1e2c4c04daf6ed5",
                "sha256:ed53209b5f0f383acb49a927179fa51a6e2259878e164273ebc6815f3a752465",
                "sha256:f605f348f4e6a2ba00acb3399c71d213b92f27f2383fc4abebf7a37368c12142",
                "sha256:fcdb3755a7c355bc29df1b5e6fb8226d5c8b90551d202d69d0076a8a5649d68b"
            ],
            "version": "==1.3.20"
        },
        "typing-extensions": {
            "hashes": [
                "sha256:7cb407020f00f7bfc3cb3e7881628838e69d8f3fcab2f64742a5e76b2f841918",
                "sha256:99d4073b617d30288f569d3f13d2bd7548c3a7e4c8de87db09a9d29bb3a4a60c",
                "sha256:dafc7639cde7f1b6e1acc0f457842a83e722ccca8eef5270af2d74792619a89f"
            ],
            "markers": "python_version < '3.8'",
            "version": "==3.7.4.3"
        },
        "uritemplate": {
            "hashes": [
                "sha256:07620c3f3f8eed1f12600845892b0e036a2420acf513c53f7de0abd911a5894f",
                "sha256:5af8ad10cec94f215e3f48112de2022e1d5a37ed427fbd88652fa908f2ab7cae"
            ],
            "version": "==3.0.1"
        },
        "urllib3": {
            "hashes": [
                "sha256:8d7eaa5a82a1cac232164990f04874c594c9453ec55eef02eab885aa02fc17a2",
                "sha256:f5321fbe4bf3fefa0efd0bfe7fb14e90909eb62a48ccda331726b4319897dd5e"
            ],
            "version": "==1.25.11"
        },
        "yarl": {
            "hashes": [
                "sha256:03b7a44384ad60be1b7be93c2a24dc74895f8d767ea0bce15b2f6fc7695a3843",
                "sha256:076157404db9db4bb3fa9db22db319bbb36d075eeab19ba018ce20ae0cacf037",
                "sha256:1c05ae3d5ea4287470046a2c2754f0a4c171b84ea72c8a691f776eb1753dfb91",
                "sha256:2467baf8233f7c64048df37e11879c553943ffe7f373e689711ec2807ea13805",
                "sha256:2bb2e21cf062dfbe985c3cd4618bae9f25271efcad9e7be1277861247eee9839",
                "sha256:311effab3b3828ab34f0e661bb57ff422f67d5c33056298bda4c12195251f8dd",
                "sha256:3526cb5905907f0e42bee7ef57ae4a5f02bc27dcac27859269e2bba0caa4c2b6",
                "sha256:39b1e586f34b1d2512c9b39aa3cf24c870c972d525e36edc9ee19065db4737bb",
                "sha256:4bed5cd7c8e69551eb19df15295ba90e62b9a6a1149c76eb4a9bab194402a156",
                "sha256:51c6d3cf7a1f1fbe134bb92f33b7affd94d6de24cd64b466eb12de52120fb8c6",
                "sha256:59f78b5da34ddcffb663b772f7619e296518712e022e57fc5d9f921818e2ab7c",
                "sha256:6f29115b0c330da25a04f48612d75333bca04521181a666ca0b8761005a99150",
                "sha256:73d4e1e1ef5e52d526c92f07d16329e1678612c6a81dd8101fdcae11a72de15c",
                "sha256:9b48d31f8d881713fd461abfe7acbb4dcfeb47cec3056aa83f2fbcd2244577f7",
                "sha256:a1fd575dd058e10ad4c35065e7c3007cc74d142f622b14e168d8a273a2fa8713",
                "sha256:b3dd1052afd436ba737e61f5d3bed1f43a7f9a33fc58fbe4226eb919a7006019",
                "sha256:b99c25ed5c355b35d1e6dae87ac7297a4844a57dc5766b173b88b6163a36eb0d",
                "sha256:c056e86bff5a0b566e0d9fab4f67e83b12ae9cbcd250d334cbe2005bbe8c96f2",
                "sha256:c45b49b59a5724869899798e1bbd447ac486215269511d3b76b4c235a1b766b6",
                "sha256:cd623170c729a865037828e3f99f8ebdb22a467177a539680dfc5670b74c84e2",
                "sha256:d25d3311794e6c71b608d7c47651c8f65eea5ab15358a27f29330b3475e8f8e5",
                "sha256:d695439c201ed340745250f9eb4dfe8d32bf1e680c16477107b8f3ce4bff4fdb",
                "sha256:d77f6c9133d2aabb290a7846aaa74ec14d7b5ab35b01591fac5a70c4a8c959a2",
                "sha256:d894a2442d2cd20a3b0b0dce5a353d316c57d25a2b445e03f7eac90eee27b8af",
                "sha256:db643ce2b58a4bd11a82348225c53c76ecdd82bb37cf4c085e6df1b676f4038c",
                "sha256:e3a0c43a26dfed955b2a06fdc4d51d2c51bc2200aff8ce8faf14e676ea8c8862",
                "sha256:e77bf79ad1ccae672eab22453838382fe9029fc27c8029e84913855512a587d8",
                "sha256:f2f0174cb15435957d3b751093f89aede77df59a499ab7516bbb633b77ead13a",
                "sha256:f3031c78edf10315abe232254e6a36b65afe65fded41ee54ed7976d0b2cdf0da",
                "sha256:f4c007156732866aa4507d619fe6f8f2748caabed4f66b276ccd97c82572620c",
                "sha256:f4f27ff3dd80bc7c402def211a47291ea123d59a23f59fe18fc0e81e3e71f385",
                "sha256:f57744fc61e118b5d114ae8077d8eb9df4d2d2c11e2af194e21f0c11ed9dcf6c",
                "sha256:f835015a825980b65356e9520979a1564c56efea7da7d4b68a14d4a07a3a7336"
            ],
            "version": "==1.6.2"
        },
        "zipp": {
            "hashes": [
                "sha256:102c24ef8f171fd729d46599845e95c7ab894a4cf45f5de11a44cc7444fb1108",
                "sha256:ed5eee1974372595f9e416cc7bbeeb12335201d8081ca8a0743c954d4446e5cb"
            ],
            "version": "==3.4.0"
        }
    },
    "develop": {
        "aioreloader": {
            "hashes": [
                "sha256:1dbea9e16f9b5e943cf83861aa00e479fea0ad7b5dfb5e58570bbbc66c3db92b",
                "sha256:763fe2a415652a828c144cf1e4e0a79a59022f94dfc0b5193b3284c44df9bb15"
            ],
            "index": "pypi",
            "version": "==0.2.0"
        }
    }
}
